
Microsoft Visual Studio Solution File, Format Version 12.00
# Visual Studio Version 17
VisualStudioVersion = 17.0.32112.339
MinimumVisualStudioVersion = 10.0.40219.1
Project("{FAE04EC0-301F-11D3-BF4B-00C04F79EFBC}") = "Ecomm", "Ecomm\Ecomm.csproj", "{E35DCC16-7DD8-4413-BA5E-26EDA6B10DF0}"
EndProject
Global
	GlobalSection(SolutionConfigurationPlatforms) = preSolution
		Debug|Any CPU = Debug|Any CPU
		Release|Any CPU = Release|Any CPU
	EndGlobalSection
	GlobalSection(ProjectConfigurationPlatforms) = postSolution
		{E35DCC16-7DD8-4413-BA5E-26EDA6B10DF0}.Debug|Any CPU.ActiveCfg = Debug|Any CPU
		{E35DCC16-7DD8-4413-BA5E-26EDA6B10DF0}.Debug|Any CPU.Build.0 = Debug|Any CPU
		{E35DCC16-7DD8-4413-BA5E-26EDA6B10DF0}.Release|Any CPU.ActiveCfg = Release|Any CPU
		{E35DCC16-7DD8-4413-BA5E-26EDA6B10DF0}.Release|Any CPU.Build.0 = Release|Any CPU
	EndGlobalSection
	GlobalSection(SolutionProperties) = preSolution
		HideSolutionNode = FALSE
	EndGlobalSection
	GlobalSection(ExtensibilityGlobals) = postSolution
		SolutionGuid = {A2CBEA42-12F7-4BBB-AAFE-D79BBDB76846}
	EndGlobalSection
EndGlobal
